
Microsoft Visual Studio Solution File, Format Version 12.00
# Visual Studio Version 16
VisualStudioVersion = 16.0.29806.167
MinimumVisualStudioVersion = 10.0.40219.1
Project("{FAE04EC0-301F-11D3-BF4B-00C04F79EFBC}") = "kursach", "kursach\kursach.csproj", "{C708363D-193F-45F5-9988-071AECC8123C}"
EndProject
Global
	GlobalSection(SolutionConfigurationPlatforms) = preSolution
		Debug|Any CPU = Debug|Any CPU
		Release|Any CPU = Release|Any CPU
	EndGlobalSection
	GlobalSection(ProjectConfigurationPlatforms) = postSolution
		{C708363D-193F-45F5-9988-071AECC8123C}.Debug|Any CPU.ActiveCfg = Debug|Any CPU
		{C708363D-193F-45F5-9988-071AECC8123C}.Debug|Any CPU.Build.0 = Debug|Any CPU
		{C708363D-193F-45F5-9988-071AECC8123C}.Release|Any CPU.ActiveCfg = Release|Any CPU
		{C708363D-193F-45F5-9988-071AECC8123C}.Release|Any CPU.Build.0 = Release|Any CPU
	EndGlobalSection
	GlobalSection(SolutionProperties) = preSolution
		HideSolutionNode = FALSE
	EndGlobalSection
	GlobalSection(ExtensibilityGlobals) = postSolution
		SolutionGuid = {505B106B-5A4E-48D2-996E-ED9EB24F1FC2}
	EndGlobalSection
EndGlobal
